
Microsoft Visual Studio Solution File, Format Version 12.00
# Visual Studio Version 16
VisualStudioVersion = 16.0.30011.22
MinimumVisualStudioVersion = 10.0.40219.1
Project("{9A19103F-16F7-4668-BE54-9A1E7A4F7556}") = "MergeBot", "src\MergeBot\MergeBot.csproj", "{6559C231-31C7-40FC-8142-E29135233289}"
EndProject
Project("{2150E333-8FDC-42A3-9474-1A3956D46DE8}") = "src", "src", "{3C155739-2A35-4F3E-8A44-6E1492C1D100}"
EndProject
Project("{2150E333-8FDC-42A3-9474-1A3956D46DE8}") = "test", "test", "{93F1F824-70A0-41FC-B2A1-2F22DF778ADC}"
EndProject
Project("{FAE04EC0-301F-11D3-BF4B-00C04F79EFBC}") = "MergeBot.Test", "test\MergeBot.Test\MergeBot.Test.csproj", "{F2A730CB-A988-42D2-9A3B-1BEDDD297C45}"
EndProject
Project("{2150E333-8FDC-42A3-9474-1A3956D46DE8}") = "Solution Items", "Solution Items", "{26467B9F-2B41-44BE-874A-76CDF1EB5A81}"
	ProjectSection(SolutionItems) = preProject
		.editorconfig = .editorconfig
	EndProjectSection
EndProject
Global
	GlobalSection(SolutionConfigurationPlatforms) = preSolution
		Debug|Any CPU = Debug|Any CPU
		Release|Any CPU = Release|Any CPU
	EndGlobalSection
	GlobalSection(ProjectConfigurationPlatforms) = postSolution
		{6559C231-31C7-40FC-8142-E29135233289}.Debug|Any CPU.ActiveCfg = Debug|Any CPU
		{6559C231-31C7-40FC-8142-E29135233289}.Debug|Any CPU.Build.0 = Debug|Any CPU
		{6559C231-31C7-40FC-8142-E29135233289}.Release|Any CPU.ActiveCfg = Release|Any CPU
		{6559C231-31C7-40FC-8142-E29135233289}.Release|Any CPU.Build.0 = Release|Any CPU
		{F2A730CB-A988-42D2-9A3B-1BEDDD297C45}.Debug|Any CPU.ActiveCfg = Debug|Any CPU
		{F2A730CB-A988-42D2-9A3B-1BEDDD297C45}.Debug|Any CPU.Build.0 = Debug|Any CPU
		{F2A730CB-A988-42D2-9A3B-1BEDDD297C45}.Release|Any CPU.ActiveCfg = Release|Any CPU
		{F2A730CB-A988-42D2-9A3B-1BEDDD297C45}.Release|Any CPU.Build.0 = Release|Any CPU
	EndGlobalSection
	GlobalSection(SolutionProperties) = preSolution
		HideSolutionNode = FALSE
	EndGlobalSection
	GlobalSection(NestedProjects) = preSolution
		{6559C231-31C7-40FC-8142-E29135233289} = {3C155739-2A35-4F3E-8A44-6E1492C1D100}
		{F2A730CB-A988-42D2-9A3B-1BEDDD297C45} = {93F1F824-70A0-41FC-B2A1-2F22DF778ADC}
	EndGlobalSection
	GlobalSection(ExtensibilityGlobals) = postSolution
		SolutionGuid = {B9AA335F-2637-4DD4-89A8-93846C77F841}
	EndGlobalSection
EndGlobal
